
Microsoft Visual Studio Solution File, Format Version 12.00
# Visual Studio Version 16
VisualStudioVersion = 16.0.30717.126
MinimumVisualStudioVersion = 10.0.40219.1
Project("{FAE04EC0-301F-11D3-BF4B-00C04F79EFBC}") = "RacingCars", "RacingCars\RacingCars.csproj", "{62EF2F4A-777D-42C5-B82F-1D49277E6053}"
EndProject
Global
	GlobalSection(SolutionConfigurationPlatforms) = preSolution
		Debug|Any CPU = Debug|Any CPU
		Release|Any CPU = Release|Any CPU
	EndGlobalSection
	GlobalSection(ProjectConfigurationPlatforms) = postSolution
		{62EF2F4A-777D-42C5-B82F-1D49277E6053}.Debug|Any CPU.ActiveCfg = Debug|Any CPU
		{62EF2F4A-777D-42C5-B82F-1D49277E6053}.Debug|Any CPU.Build.0 = Debug|Any CPU
		{62EF2F4A-777D-42C5-B82F-1D49277E6053}.Release|Any CPU.ActiveCfg = Release|Any CPU
		{62EF2F4A-777D-42C5-B82F-1D49277E6053}.Release|Any CPU.Build.0 = Release|Any CPU
	EndGlobalSection
	GlobalSection(SolutionProperties) = preSolution
		HideSolutionNode = FALSE
	EndGlobalSection
	GlobalSection(ExtensibilityGlobals) = postSolution
		SolutionGuid = {BD35B51C-BE59-41E8-937C-7F4B4FB6D5B6}
	EndGlobalSection
EndGlobal
